
Microsoft Visual Studio Solution File, Format Version 12.00
# Visual Studio Version 17
VisualStudioVersion = 17.11.35327.3
MinimumVisualStudioVersion = 10.0.40219.1
Project("{9A19103F-16F7-4668-BE54-9A1E7A4F7556}") = "ab_stromy", "ab_stromy\ab_stromy.csproj", "{B7D8F899-4753-430F-899F-927F4375C46C}"
EndProject
Project("{9A19103F-16F7-4668-BE54-9A1E7A4F7556}") = "ConsoleApp1", "ConsoleApp1\ConsoleApp1.csproj", "{D3708FFA-802E-4913-838D-32C2030F61D7}"
EndProject
Global
	GlobalSection(SolutionConfigurationPlatforms) = preSolution
		Debug|Any CPU = Debug|Any CPU
		Release|Any CPU = Release|Any CPU
	EndGlobalSection
	GlobalSection(ProjectConfigurationPlatforms) = postSolution
		{B7D8F899-4753-430F-899F-927F4375C46C}.Debug|Any CPU.ActiveCfg = Debug|Any CPU
		{B7D8F899-4753-430F-899F-927F4375C46C}.Debug|Any CPU.Build.0 = Debug|Any CPU
		{B7D8F899-4753-430F-899F-927F4375C46C}.Release|Any CPU.ActiveCfg = Release|Any CPU
		{B7D8F899-4753-430F-899F-927F4375C46C}.Release|Any CPU.Build.0 = Release|Any CPU
		{D3708FFA-802E-4913-838D-32C2030F61D7}.Debug|Any CPU.ActiveCfg = Debug|Any CPU
		{D3708FFA-802E-4913-838D-32C2030F61D7}.Debug|Any CPU.Build.0 = Debug|Any CPU
		{D3708FFA-802E-4913-838D-32C2030F61D7}.Release|Any CPU.ActiveCfg = Release|Any CPU
		{D3708FFA-802E-4913-838D-32C2030F61D7}.Release|Any CPU.Build.0 = Release|Any CPU
	EndGlobalSection
	GlobalSection(SolutionProperties) = preSolution
		HideSolutionNode = FALSE
	EndGlobalSection
	GlobalSection(ExtensibilityGlobals) = postSolution
		SolutionGuid = {3524C7E1-F456-44A0-8D80-EFA0D06E0E94}
	EndGlobalSection
EndGlobal
